
Microsoft Visual Studio Solution File, Format Version 12.00
# Visual Studio Version 16
VisualStudioVersion = 16.0.34031.81
MinimumVisualStudioVersion = 10.0.40219.1
Project("{2150E333-8FDC-42A3-9474-1A3956D46DE8}") = "Task0", "Task0", "{20502BFF-B6EF-4543-840C-B677FE2D7DB8}"
EndProject
Project("{FAE04EC0-301F-11D3-BF4B-00C04F79EFBC}") = "Tyuiu.FedorenkoKS.Sprint4.Task0.V13", "Tyuiu.FedorenkoKS.Sprint4.Task0.V13\Tyuiu.FedorenkoKS.Sprint4.Task0.V13.csproj", "{86B319D6-B751-4E0A-9180-22015B7CF919}"
EndProject
Project("{FAE04EC0-301F-11D3-BF4B-00C04F79EFBC}") = "Tyuiu.FedorenkoKS.Sprint4.Task0.V13.Test", "Tyuiu.FedorenkoKS.Sprint4.Task0.V13.Test\Tyuiu.FedorenkoKS.Sprint4.Task0.V13.Test.csproj", "{1DD5F7CD-A439-4EF1-914E-9AED7F83495C}"
EndProject
Project("{2150E333-8FDC-42A3-9474-1A3956D46DE8}") = "Task1", "Task1", "{6D573AC4-B71E-4FC5-8EAB-7B7DAA4903A5}"
EndProject
Project("{FAE04EC0-301F-11D3-BF4B-00C04F79EFBC}") = "Tyuiu.FedorenkoKS.Sprint4.Task1.V14", "Tyuiu.FedorenkoKS.Sprint4.Task1.V14\Tyuiu.FedorenkoKS.Sprint4.Task1.V14.csproj", "{B90CEEEE-329F-49F4-98D9-456C40D2D924}"
EndProject
Project("{FAE04EC0-301F-11D3-BF4B-00C04F79EFBC}") = "Tyuiu.FedorenkoKS.Sprint4.Task1.V14.Lib", "Tyuiu.FedorenkoKS.Sprint4.Task1.V14.Lib\Tyuiu.FedorenkoKS.Sprint4.Task1.V14.Lib.csproj", "{F7651A39-2750-4778-B616-8D59FB91804A}"
EndProject
Project("{FAE04EC0-301F-11D3-BF4B-00C04F79EFBC}") = "Tyuiu.FedorenkoKS.Sprint4.Task1.V14.Test", "Tyuiu.FedorenkoKS.Sprint4.Task1.V14.Test\Tyuiu.FedorenkoKS.Sprint4.Task1.V14.Test.csproj", "{E3E1530A-EB4D-478A-9810-066DDB3DC1E4}"
EndProject
Project("{2150E333-8FDC-42A3-9474-1A3956D46DE8}") = "Task2", "Task2", "{69CF8064-12CA-4CEB-BFAE-97D600F57D18}"
EndProject
Project("{2150E333-8FDC-42A3-9474-1A3956D46DE8}") = "Task3", "Task3", "{40B47231-04CF-49A8-B6EC-BEC773A4EE5B}"
EndProject
Project("{FAE04EC0-301F-11D3-BF4B-00C04F79EFBC}") = "Tyuiu.FedorenkoKS.Sprint4.Task2.V30", "Tyuiu.FedorenkoKS.Sprint4.Task2.V30\Tyuiu.FedorenkoKS.Sprint4.Task2.V30.csproj", "{3FE94864-F5A9-46A8-952B-C7467397C0E0}"
EndProject
Project("{FAE04EC0-301F-11D3-BF4B-00C04F79EFBC}") = "Tyuiu.FedorenkoKS.Sprint4.Task2.V30.Test", "Tyuiu.FedorenkoKS.Sprint4.Task2.V30.Test\Tyuiu.FedorenkoKS.Sprint4.Task2.V30.Test.csproj", "{2221804E-3FBF-41F1-A9F6-319A85DE7ABC}"
EndProject
Project("{FAE04EC0-301F-11D3-BF4B-00C04F79EFBC}") = "Tyuiu.FedorenkoKS.Sprint4.Task2.V30.Lib", "Tyuiu.FedorenkoKS.Sprint4.Task2.V30.Lib\Tyuiu.FedorenkoKS.Sprint4.Task2.V30.Lib.csproj", "{9C368F2E-CD4D-4D51-8728-4FA5F95FB64F}"
EndProject
Project("{FAE04EC0-301F-11D3-BF4B-00C04F79EFBC}") = "Tyuiu.FedorenkoKS.Sprint4.Task3.V14.Lib", "Tyuiu.FedorenkoKS.Sprint4.Task3.V14.Lib\Tyuiu.FedorenkoKS.Sprint4.Task3.V14.Lib.csproj", "{49EE9F19-4B42-4A70-BA40-04DCC458C262}"
EndProject
Project("{FAE04EC0-301F-11D3-BF4B-00C04F79EFBC}") = "Tyuiu.FedorenkoKS.Sprint4.Task3.V14.Test", "Tyuiu.FedorenkoKS.Sprint4.Task3.V14.Test\Tyuiu.FedorenkoKS.Sprint4.Task3.V14.Test.csproj", "{E9594C54-903A-44E9-98CF-FECAED914219}"
EndProject
Project("{FAE04EC0-301F-11D3-BF4B-00C04F79EFBC}") = "Tyuiu.FedorenkoKS.Sprint4.Task3.V14", "Tyuiu.FedorenkoKS.Sprint4.Task3.V14\Tyuiu.FedorenkoKS.Sprint4.Task3.V14.csproj", "{AC50E6BE-C884-41D6-AECB-831A4C830A04}"
EndProject
Project("{FAE04EC0-301F-11D3-BF4B-00C04F79EFBC}") = "Tyuiu.FedorenkoKS.Sprint4.Task0.V13.Lib", "Tyuiu.FedorenkoKS.Sprint4.Task0.V13.Lib\Tyuiu.FedorenkoKS.Sprint4.Task0.V13.Lib.csproj", "{F10AEFDE-812C-4176-81D0-47A74DD758DD}"
EndProject
Global
	GlobalSection(SolutionConfigurationPlatforms) = preSolution
		Debug|Any CPU = Debug|Any CPU
		Release|Any CPU = Release|Any CPU
	EndGlobalSection
	GlobalSection(ProjectConfigurationPlatforms) = postSolution
		{86B319D6-B751-4E0A-9180-22015B7CF919}.Debug|Any CPU.ActiveCfg = Debug|Any CPU
		{86B319D6-B751-4E0A-9180-22015B7CF919}.Debug|Any CPU.Build.0 = Debug|Any CPU
		{86B319D6-B751-4E0A-9180-22015B7CF919}.Release|Any CPU.ActiveCfg = Release|Any CPU
		{86B319D6-B751-4E0A-9180-22015B7CF919}.Release|Any CPU.Build.0 = Release|Any CPU
		{1DD5F7CD-A439-4EF1-914E-9AED7F83495C}.Debug|Any CPU.ActiveCfg = Debug|Any CPU
		{1DD5F7CD-A439-4EF1-914E-9AED7F83495C}.Debug|Any CPU.Build.0 = Debug|Any CPU
		{1DD5F7CD-A439-4EF1-914E-9AED7F83495C}.Release|Any CPU.ActiveCfg = Release|Any CPU
		{1DD5F7CD-A439-4EF1-914E-9AED7F83495C}.Release|Any CPU.Build.0 = Release|Any CPU
		{B90CEEEE-329F-49F4-98D9-456C40D2D924}.Debug|Any CPU.ActiveCfg = Debug|Any CPU
		{B90CEEEE-329F-49F4-98D9-456C40D2D924}.Debug|Any CPU.Build.0 = Debug|Any CPU
		{B90CEEEE-329F-49F4-98D9-456C40D2D924}.Release|Any CPU.ActiveCfg = Release|Any CPU
		{B90CEEEE-329F-49F4-98D9-456C40D2D924}.Release|Any CPU.Build.0 = Release|Any CPU
		{F7651A39-2750-4778-B616-8D59FB91804A}.Debug|Any CPU.ActiveCfg = Debug|Any CPU
		{F7651A39-2750-4778-B616-8D59FB91804A}.Debug|Any CPU.Build.0 = Debug|Any CPU
		{F7651A39-2750-4778-B616-8D59FB91804A}.Release|Any CPU.ActiveCfg = Release|Any CPU
		{F7651A39-2750-4778-B616-8D59FB91804A}.Release|Any CPU.Build.0 = Release|Any CPU
		{E3E1530A-EB4D-478A-9810-066DDB3DC1E4}.Debug|Any CPU.ActiveCfg = Debug|Any CPU
		{E3E1530A-EB4D-478A-9810-066DDB3DC1E4}.Debug|Any CPU.Build.0 = Debug|Any CPU
		{E3E1530A-EB4D-478A-9810-066DDB3DC1E4}.Release|Any CPU.ActiveCfg = Release|Any CPU
		{E3E1530A-EB4D-478A-9810-066DDB3DC1E4}.Release|Any CPU.Build.0 = Release|Any CPU
		{3FE94864-F5A9-46A8-952B-C7467397C0E0}.Debug|Any CPU.ActiveCfg = Debug|Any CPU
		{3FE94864-F5A9-46A8-952B-C7467397C0E0}.Debug|Any CPU.Build.0 = Debug|Any CPU
		{3FE94864-F5A9-46A8-952B-C7467397C0E0}.Release|Any CPU.ActiveCfg = Release|Any CPU
		{3FE94864-F5A9-46A8-952B-C7467397C0E0}.Release|Any CPU.Build.0 = Release|Any CPU
		{2221804E-3FBF-41F1-A9F6-319A85DE7ABC}.Debug|Any CPU.ActiveCfg = Debug|Any CPU
		{2221804E-3FBF-41F1-A9F6-319A85DE7ABC}.Debug|Any CPU.Build.0 = Debug|Any CPU
		{2221804E-3FBF-41F1-A9F6-319A85DE7ABC}.Release|Any CPU.ActiveCfg = Release|Any CPU
		{2221804E-3FBF-41F1-A9F6-319A85DE7ABC}.Release|Any CPU.Build.0 = Release|Any CPU
		{9C368F2E-CD4D-4D51-8728-4FA5F95FB64F}.Debug|Any CPU.ActiveCfg = Debug|Any CPU
		{9C368F2E-CD4D-4D51-8728-4FA5F95FB64F}.Debug|Any CPU.Build.0 = Debug|Any CPU
		{9C368F2E-CD4D-4D51-8728-4FA5F95FB64F}.Release|Any CPU.ActiveCfg = Release|Any CPU
		{9C368F2E-CD4D-4D51-8728-4FA5F95FB64F}.Release|Any CPU.Build.0 = Release|Any CPU
		{49EE9F19-4B42-4A70-BA40-04DCC458C262}.Debug|Any CPU.ActiveCfg = Debug|Any CPU
		{49EE9F19-4B42-4A70-BA40-04DCC458C262}.Debug|Any CPU.Build.0 = Debug|Any CPU
		{49EE9F19-4B42-4A70-BA40-04DCC458C262}.Release|Any CPU.ActiveCfg = Release|Any CPU
		{49EE9F19-4B42-4A70-BA40-04DCC458C262}.Release|Any CPU.Build.0 = Release|Any CPU
		{E9594C54-903A-44E9-98CF-FECAED914219}.Debug|Any CPU.ActiveCfg = Debug|Any CPU
		{E9594C54-903A-44E9-98CF-FECAED914219}.Debug|Any CPU.Build.0 = Debug|Any CPU
		{E9594C54-903A-44E9-98CF-FECAED914219}.Release|Any CPU.ActiveCfg = Release|Any CPU
		{E9594C54-903A-44E9-98CF-FECAED914219}.Release|Any CPU.Build.0 = Release|Any CPU
		{AC50E6BE-C884-41D6-AECB-831A4C830A04}.Debug|Any CPU.ActiveCfg = Debug|Any CPU
		{AC50E6BE-C884-41D6-AECB-831A4C830A04}.Debug|Any CPU.Build.0 = Debug|Any CPU
		{AC50E6BE-C884-41D6-AECB-831A4C830A04}.Release|Any CPU.ActiveCfg = Release|Any CPU
		{AC50E6BE-C884-41D6-AECB-831A4C830A04}.Release|Any CPU.Build.0 = Release|Any CPU
		{F10AEFDE-812C-4176-81D0-47A74DD758DD}.Debug|Any CPU.ActiveCfg = Debug|Any CPU
		{F10AEFDE-812C-4176-81D0-47A74DD758DD}.Debug|Any CPU.Build.0 = Debug|Any CPU
		{F10AEFDE-812C-4176-81D0-47A74DD758DD}.Release|Any CPU.ActiveCfg = Release|Any CPU
		{F10AEFDE-812C-4176-81D0-47A74DD758DD}.Release|Any CPU.Build.0 = Release|Any CPU
	EndGlobalSection
	GlobalSection(SolutionProperties) = preSolution
		HideSolutionNode = FALSE
	EndGlobalSection
	GlobalSection(NestedProjects) = preSolution
		{86B319D6-B751-4E0A-9180-22015B7CF919} = {20502BFF-B6EF-4543-840C-B677FE2D7DB8}
		{1DD5F7CD-A439-4EF1-914E-9AED7F83495C} = {20502BFF-B6EF-4543-840C-B677FE2D7DB8}
		{B90CEEEE-329F-49F4-98D9-456C40D2D924} = {6D573AC4-B71E-4FC5-8EAB-7B7DAA4903A5}
		{F7651A39-2750-4778-B616-8D59FB91804A} = {6D573AC4-B71E-4FC5-8EAB-7B7DAA4903A5}
		{E3E1530A-EB4D-478A-9810-066DDB3DC1E4} = {6D573AC4-B71E-4FC5-8EAB-7B7DAA4903A5}
		{3FE94864-F5A9-46A8-952B-C7467397C0E0} = {69CF8064-12CA-4CEB-BFAE-97D600F57D18}
		{2221804E-3FBF-41F1-A9F6-319A85DE7ABC} = {69CF8064-12CA-4CEB-BFAE-97D600F57D18}
		{9C368F2E-CD4D-4D51-8728-4FA5F95FB64F} = {69CF8064-12CA-4CEB-BFAE-97D600F57D18}
		{49EE9F19-4B42-4A70-BA40-04DCC458C262} = {40B47231-04CF-49A8-B6EC-BEC773A4EE5B}
		{E9594C54-903A-44E9-98CF-FECAED914219} = {40B47231-04CF-49A8-B6EC-BEC773A4EE5B}
		{AC50E6BE-C884-41D6-AECB-831A4C830A04} = {40B47231-04CF-49A8-B6EC-BEC773A4EE5B}
		{F10AEFDE-812C-4176-81D0-47A74DD758DD} = {20502BFF-B6EF-4543-840C-B677FE2D7DB8}
	EndGlobalSection
	GlobalSection(ExtensibilityGlobals) = postSolution
		SolutionGuid = {4DE90114-17CD-447E-99E1-3B89E3669FE3}
	EndGlobalSection
EndGlobal
